
Microsoft Visual Studio Solution File, Format Version 12.00
# Visual Studio Version 17
VisualStudioVersion = 17.14.36429.23
MinimumVisualStudioVersion = 10.0.40219.1
Project("{2150E333-8FDC-42A3-9474-1A3956D46DE8}") = "Task0", "Task0", "{02EA681E-C7D8-13C7-8484-4AC65E1B71E8}"
EndProject
Project("{FAE04EC0-301F-11D3-BF4B-00C04F79EFBC}") = "Tyuiu.GurinchukAV.Sprint4.Task0.V14", "Tyuiu.GurinchukAV.Sprint4.Task0.V14\Tyuiu.GurinchukAV.Sprint4.Task0.V14.csproj", "{8483A8A3-31CA-4153-98C6-7221E8E0ACDA}"
EndProject
Project("{FAE04EC0-301F-11D3-BF4B-00C04F79EFBC}") = "Tyuiu.GurinchukAV.Sprint4.Task0.V14.Lib", "Tyuiu.GurinchukAV.Sprint4.Task0.V14.Lib\Tyuiu.GurinchukAV.Sprint4.Task0.V14.Lib.csproj", "{2A0F2695-863A-4BB5-8376-4939544C1658}"
EndProject
Project("{FAE04EC0-301F-11D3-BF4B-00C04F79EFBC}") = "Tyuiu.GurinchukAV.Sprint4.Task0.V14.Test", "Tyuiu.GurinchukAV.Sprint4.Task0.V14.Test\Tyuiu.GurinchukAV.Sprint4.Task0.V14.Test.csproj", "{55BA32EE-625A-4E95-864B-B870AEF346F4}"
EndProject
Project("{2150E333-8FDC-42A3-9474-1A3956D46DE8}") = "Task1", "Task1", "{0A204FDC-1161-4971-A224-F052A64D1FB1}"
EndProject
Project("{FAE04EC0-301F-11D3-BF4B-00C04F79EFBC}") = "Tyuiu.GurinchukAV.Sprint4.Task1.V2", "Tyuiu.GurinchukAV.Sprint4.Task1.V2\Tyuiu.GurinchukAV.Sprint4.Task1.V2.csproj", "{65AFADA8-4792-46E4-9E02-C6AA5EE1D851}"
EndProject
Project("{FAE04EC0-301F-11D3-BF4B-00C04F79EFBC}") = "Tyuiu.GurinchukAV.Sprint4.Task1.V2.Lib", "Tyuiu.GurinchukAV.Sprint4.Task1.V2.Lib\Tyuiu.GurinchukAV.Sprint4.Task1.V2.Lib.csproj", "{41A64EEF-2DAA-4819-BF47-F5ED1A41681A}"
EndProject
Project("{FAE04EC0-301F-11D3-BF4B-00C04F79EFBC}") = "Tyuiu.GurinchukAV.Sprint4.Task1.V2.Test", "Tyuiu.GurinchukAV.Sprint4.Task1.V2.Test\Tyuiu.GurinchukAV.Sprint4.Task1.V2.Test.csproj", "{F5E5A95A-338C-4737-A6D5-F95234D2F3D4}"
EndProject
Project("{2150E333-8FDC-42A3-9474-1A3956D46DE8}") = "Task2", "Task2", "{55DA4E40-DB70-4BA2-B2D7-CFF9282A0409}"
EndProject
Project("{FAE04EC0-301F-11D3-BF4B-00C04F79EFBC}") = "Tyuiu.GurinchukAV.Sprint4.Task2.V25", "Tyuiu.GurinchukAV.Sprint4.Task2.V25\Tyuiu.GurinchukAV.Sprint4.Task2.V25.csproj", "{3C47802A-8A02-47AA-BD2A-B18B46D42881}"
EndProject
Project("{FAE04EC0-301F-11D3-BF4B-00C04F79EFBC}") = "Tyuiu.GurinchukAV.Sprint4.Task2.V25.Lib", "Tyuiu.GurinchukAV.Sprint4.Task2.V25.Lib\Tyuiu.GurinchukAV.Sprint4.Task2.V25.Lib.csproj", "{28664E69-F803-4AB7-A5DE-97A634F821F9}"
EndProject
Project("{FAE04EC0-301F-11D3-BF4B-00C04F79EFBC}") = "Tyuiu.GurinchukAV.Sprint4.Task2.V25.Test", "Tyuiu.GurinchukAV.Sprint4.Task2.V25.Test\Tyuiu.GurinchukAV.Sprint4.Task2.V25.Test.csproj", "{C84AB6F6-585D-4CC2-BEF6-E03E05461F4A}"
EndProject
Project("{2150E333-8FDC-42A3-9474-1A3956D46DE8}") = "Task3", "Task3", "{7F8B0CC1-E720-4324-8B40-4ABC25AB6C8C}"
EndProject
Project("{FAE04EC0-301F-11D3-BF4B-00C04F79EFBC}") = "Tyuiu.GurinchukAV.Sprint4.Task3.V28", "Tyuiu.GurinchukAV.Sprint4.Task3.V28\Tyuiu.GurinchukAV.Sprint4.Task3.V28.csproj", "{B84C2C25-CEC2-4DA4-BA03-FBEB32B97E6A}"
EndProject
Project("{FAE04EC0-301F-11D3-BF4B-00C04F79EFBC}") = "Tyuiu.GurinchukAV.Sprint4.Task3.V28.Lib", "Tyuiu.GurinchukAV.Sprint4.Task3.V28.Lib\Tyuiu.GurinchukAV.Sprint4.Task3.V28.Lib.csproj", "{F32B12D8-B90B-47C4-BF3C-4C4BEF7EB1DD}"
EndProject
Project("{FAE04EC0-301F-11D3-BF4B-00C04F79EFBC}") = "Tyuiu.GurinchukAV.Sprint4.Task3.V28.Test", "Tyuiu.GurinchukAV.Sprint4.Task3.V28.Test\Tyuiu.GurinchukAV.Sprint4.Task3.V28.Test.csproj", "{7593592C-2D4E-4734-BFC1-64D3CD661941}"
EndProject
Project("{2150E333-8FDC-42A3-9474-1A3956D46DE8}") = "Task4", "Task4", "{97D8865F-5E32-400C-A4CD-3CC81C42EEB5}"
EndProject
Project("{FAE04EC0-301F-11D3-BF4B-00C04F79EFBC}") = "Tyuiu.GurinchukAV.Sprint4.Task4.V28", "Tyuiu.GurinchukAV.Sprint4.Task4.V28\Tyuiu.GurinchukAV.Sprint4.Task4.V28.csproj", "{2CF49546-5A02-4AD9-80FA-E848D21C5FE0}"
EndProject
Project("{FAE04EC0-301F-11D3-BF4B-00C04F79EFBC}") = "Tyuiu.GurinchukAV.Sprint4.Task4.V28.Lib", "Tyuiu.GurinchukAV.Sprint4.Task4.V28.Lib\Tyuiu.GurinchukAV.Sprint4.Task4.V28.Lib.csproj", "{74CF02D6-5EBE-4E39-BDB2-51FB76513BCB}"
EndProject
Project("{FAE04EC0-301F-11D3-BF4B-00C04F79EFBC}") = "Tyuiu.GurinchukAV.Sprint4.Task4.V28.Test", "Tyuiu.GurinchukAV.Sprint4.Task4.V28.Test\Tyuiu.GurinchukAV.Sprint4.Task4.V28.Test.csproj", "{49D0A1A8-7018-4224-9B38-760F86379799}"
EndProject
Project("{2150E333-8FDC-42A3-9474-1A3956D46DE8}") = "Task5", "Task5", "{BC6C3BF4-B3AD-4C98-B443-2897E37624D6}"
EndProject
Project("{FAE04EC0-301F-11D3-BF4B-00C04F79EFBC}") = "Tyuiu.GurinchukAV.Sprint4.Task5.V25", "Tyuiu.GurinchukAV.Sprint4.Task5.V25\Tyuiu.GurinchukAV.Sprint4.Task5.V25.csproj", "{2685E0ED-FD15-466D-B629-DF7DC4B38F42}"
EndProject
Project("{FAE04EC0-301F-11D3-BF4B-00C04F79EFBC}") = "Tyuiu.GurinchukAV.Sprint4.Task5.V25.Lib", "Tyuiu.GurinchukAV.Sprint4.Task5.V25.Lib\Tyuiu.GurinchukAV.Sprint4.Task5.V25.Lib.csproj", "{E135A016-C769-4F46-A17B-918732431FDF}"
EndProject
Project("{FAE04EC0-301F-11D3-BF4B-00C04F79EFBC}") = "Tyuiu.GurinchukAV.Sprint4.Task5.V25.Test", "Tyuiu.GurinchukAV.Sprint4.Task5.V25.Test\Tyuiu.GurinchukAV.Sprint4.Task5.V25.Test.csproj", "{48394450-EF7D-4875-99F4-12CF747D75C0}"
EndProject
Project("{2150E333-8FDC-42A3-9474-1A3956D46DE8}") = "Task6", "Task6", "{89E6BB08-A5ED-42A0-9D5D-D8E8C3D4A5CA}"
EndProject
Project("{FAE04EC0-301F-11D3-BF4B-00C04F79EFBC}") = "Tyuiu.GurinchukAV.Sprint4.Task6.V8", "Tyuiu.GurinchukAV.Sprint4.Task6.V8\Tyuiu.GurinchukAV.Sprint4.Task6.V8.csproj", "{BE5844C6-85BC-4E63-A10E-FEA65710DD48}"
EndProject
Project("{FAE04EC0-301F-11D3-BF4B-00C04F79EFBC}") = "Tyuiu.GurinchukAV.Sprint4.Task6.V8.Lib", "Tyuiu.GurinchukAV.Sprint4.Task6.V8.Lib\Tyuiu.GurinchukAV.Sprint4.Task6.V8.Lib.csproj", "{FFA2EB21-5258-434D-A185-241AB82AAFFF}"
EndProject
Project("{FAE04EC0-301F-11D3-BF4B-00C04F79EFBC}") = "Tyuiu.GurinchukAV.Sprint4.Task6.V8.Test", "Tyuiu.GurinchukAV.Sprint4.Task6.V8.Test\Tyuiu.GurinchukAV.Sprint4.Task6.V8.Test.csproj", "{DF23D3E8-B811-4273-9947-11DDE594260D}"
EndProject
Project("{2150E333-8FDC-42A3-9474-1A3956D46DE8}") = "Task7", "Task7", "{6842DB23-22CF-44BF-B1EF-40F65237FC53}"
EndProject
Project("{FAE04EC0-301F-11D3-BF4B-00C04F79EFBC}") = "Tyuiu.GurinchukAV.Sprint4.Task7.V22", "Tyuiu.GurinchukAV.Sprint4.Task7.V22\Tyuiu.GurinchukAV.Sprint4.Task7.V22.csproj", "{9BCAEB51-C298-4F7E-B0C4-9B0FAC86BB7E}"
EndProject
Project("{FAE04EC0-301F-11D3-BF4B-00C04F79EFBC}") = "Tyuiu.GurinchukAV.Sprint4.Task7.V22.Lib", "Tyuiu.GurinchukAV.Sprint4.Task7.V22.Lib\Tyuiu.GurinchukAV.Sprint4.Task7.V22.Lib.csproj", "{D90CA78A-64BB-48F1-9DD9-2885D2183E8A}"
EndProject
Project("{FAE04EC0-301F-11D3-BF4B-00C04F79EFBC}") = "Tyuiu.GurinchukAV.Sprint4.Task7.V22.Test", "Tyuiu.GurinchukAV.Sprint4.Task7.V22.Test\Tyuiu.GurinchukAV.Sprint4.Task7.V22.Test.csproj", "{90E064E1-0626-4236-89DA-DAA9BDB70DA0}"
EndProject
Global
	GlobalSection(SolutionConfigurationPlatforms) = preSolution
		Debug|Any CPU = Debug|Any CPU
		Release|Any CPU = Release|Any CPU
	EndGlobalSection
	GlobalSection(ProjectConfigurationPlatforms) = postSolution
		{8483A8A3-31CA-4153-98C6-7221E8E0ACDA}.Debug|Any CPU.ActiveCfg = Debug|Any CPU
		{8483A8A3-31CA-4153-98C6-7221E8E0ACDA}.Debug|Any CPU.Build.0 = Debug|Any CPU
		{8483A8A3-31CA-4153-98C6-7221E8E0ACDA}.Release|Any CPU.ActiveCfg = Release|Any CPU
		{8483A8A3-31CA-4153-98C6-7221E8E0ACDA}.Release|Any CPU.Build.0 = Release|Any CPU
		{2A0F2695-863A-4BB5-8376-4939544C1658}.Debug|Any CPU.ActiveCfg = Debug|Any CPU
		{2A0F2695-863A-4BB5-8376-4939544C1658}.Debug|Any CPU.Build.0 = Debug|Any CPU
		{2A0F2695-863A-4BB5-8376-4939544C1658}.Release|Any CPU.ActiveCfg = Release|Any CPU
		{2A0F2695-863A-4BB5-8376-4939544C1658}.Release|Any CPU.Build.0 = Release|Any CPU
		{55BA32EE-625A-4E95-864B-B870AEF346F4}.Debug|Any CPU.ActiveCfg = Debug|Any CPU
		{55BA32EE-625A-4E95-864B-B870AEF346F4}.Debug|Any CPU.Build.0 = Debug|Any CPU
		{55BA32EE-625A-4E95-864B-B870AEF346F4}.Release|Any CPU.ActiveCfg = Release|Any CPU
		{55BA32EE-625A-4E95-864B-B870AEF346F4}.Release|Any CPU.Build.0 = Release|Any CPU
		{65AFADA8-4792-46E4-9E02-C6AA5EE1D851}.Debug|Any CPU.ActiveCfg = Debug|Any CPU
		{65AFADA8-4792-46E4-9E02-C6AA5EE1D851}.Debug|Any CPU.Build.0 = Debug|Any CPU
		{65AFADA8-4792-46E4-9E02-C6AA5EE1D851}.Release|Any CPU.ActiveCfg = Release|Any CPU
		{65AFADA8-4792-46E4-9E02-C6AA5EE1D851}.Release|Any CPU.Build.0 = Release|Any CPU
		{41A64EEF-2DAA-4819-BF47-F5ED1A41681A}.Debug|Any CPU.ActiveCfg = Debug|Any CPU
		{41A64EEF-2DAA-4819-BF47-F5ED1A41681A}.Debug|Any CPU.Build.0 = Debug|Any CPU
		{41A64EEF-2DAA-4819-BF47-F5ED1A41681A}.Release|Any CPU.ActiveCfg = Release|Any CPU
		{41A64EEF-2DAA-4819-BF47-F5ED1A41681A}.Release|Any CPU.Build.0 = Release|Any CPU
		{F5E5A95A-338C-4737-A6D5-F95234D2F3D4}.Debug|Any CPU.ActiveCfg = Debug|Any CPU
		{F5E5A95A-338C-4737-A6D5-F95234D2F3D4}.Debug|Any CPU.Build.0 = Debug|Any CPU
		{F5E5A95A-338C-4737-A6D5-F95234D2F3D4}.Release|Any CPU.ActiveCfg = Release|Any CPU
		{F5E5A95A-338C-4737-A6D5-F95234D2F3D4}.Release|Any CPU.Build.0 = Release|Any CPU
		{3C47802A-8A02-47AA-BD2A-B18B46D42881}.Debug|Any CPU.ActiveCfg = Debug|Any CPU
		{3C47802A-8A02-47AA-BD2A-B18B46D42881}.Debug|Any CPU.Build.0 = Debug|Any CPU
		{3C47802A-8A02-47AA-BD2A-B18B46D42881}.Release|Any CPU.ActiveCfg = Release|Any CPU
		{3C47802A-8A02-47AA-BD2A-B18B46D42881}.Release|Any CPU.Build.0 = Release|Any CPU
		{28664E69-F803-4AB7-A5DE-97A634F821F9}.Debug|Any CPU.ActiveCfg = Debug|Any CPU
		{28664E69-F803-4AB7-A5DE-97A634F821F9}.Debug|Any CPU.Build.0 = Debug|Any CPU
		{28664E69-F803-4AB7-A5DE-97A634F821F9}.Release|Any CPU.ActiveCfg = Release|Any CPU
		{28664E69-F803-4AB7-A5DE-97A634F821F9}.Release|Any CPU.Build.0 = Release|Any CPU
		{C84AB6F6-585D-4CC2-BEF6-E03E05461F4A}.Debug|Any CPU.ActiveCfg = Debug|Any CPU
		{C84AB6F6-585D-4CC2-BEF6-E03E05461F4A}.Debug|Any CPU.Build.0 = Debug|Any CPU
		{C84AB6F6-585D-4CC2-BEF6-E03E05461F4A}.Release|Any CPU.ActiveCfg = Release|Any CPU
		{C84AB6F6-585D-4CC2-BEF6-E03E05461F4A}.Release|Any CPU.Build.0 = Release|Any CPU
		{B84C2C25-CEC2-4DA4-BA03-FBEB32B97E6A}.Debug|Any CPU.ActiveCfg = Debug|Any CPU
		{B84C2C25-CEC2-4DA4-BA03-FBEB32B97E6A}.Debug|Any CPU.Build.0 = Debug|Any CPU
		{B84C2C25-CEC2-4DA4-BA03-FBEB32B97E6A}.Release|Any CPU.ActiveCfg = Release|Any CPU
		{B84C2C25-CEC2-4DA4-BA03-FBEB32B97E6A}.Release|Any CPU.Build.0 = Release|Any CPU
		{F32B12D8-B90B-47C4-BF3C-4C4BEF7EB1DD}.Debug|Any CPU.ActiveCfg = Debug|Any CPU
		{F32B12D8-B90B-47C4-BF3C-4C4BEF7EB1DD}.Debug|Any CPU.Build.0 = Debug|Any CPU
		{F32B12D8-B90B-47C4-BF3C-4C4BEF7EB1DD}.Release|Any CPU.ActiveCfg = Release|Any CPU
		{F32B12D8-B90B-47C4-BF3C-4C4BEF7EB1DD}.Release|Any CPU.Build.0 = Release|Any CPU
		{7593592C-2D4E-4734-BFC1-64D3CD661941}.Debug|Any CPU.ActiveCfg = Debug|Any CPU
		{7593592C-2D4E-4734-BFC1-64D3CD661941}.Debug|Any CPU.Build.0 = Debug|Any CPU
		{7593592C-2D4E-4734-BFC1-64D3CD661941}.Release|Any CPU.ActiveCfg = Release|Any CPU
		{7593592C-2D4E-4734-BFC1-64D3CD661941}.Release|Any CPU.Build.0 = Release|Any CPU
		{2CF49546-5A02-4AD9-80FA-E848D21C5FE0}.Debug|Any CPU.ActiveCfg = Debug|Any CPU
		{2CF49546-5A02-4AD9-80FA-E848D21C5FE0}.Debug|Any CPU.Build.0 = Debug|Any CPU
		{2CF49546-5A02-4AD9-80FA-E848D21C5FE0}.Release|Any CPU.ActiveCfg = Release|Any CPU
		{2CF49546-5A02-4AD9-80FA-E848D21C5FE0}.Release|Any CPU.Build.0 = Release|Any CPU
		{74CF02D6-5EBE-4E39-BDB2-51FB76513BCB}.Debug|Any CPU.ActiveCfg = Debug|Any CPU
		{74CF02D6-5EBE-4E39-BDB2-51FB76513BCB}.Debug|Any CPU.Build.0 = Debug|Any CPU
		{74CF02D6-5EBE-4E39-BDB2-51FB76513BCB}.Release|Any CPU.ActiveCfg = Release|Any CPU
		{74CF02D6-5EBE-4E39-BDB2-51FB76513BCB}.Release|Any CPU.Build.0 = Release|Any CPU
		{49D0A1A8-7018-4224-9B38-760F86379799}.Debug|Any CPU.ActiveCfg = Debug|Any CPU
		{49D0A1A8-7018-4224-9B38-760F86379799}.Debug|Any CPU.Build.0 = Debug|Any CPU
		{49D0A1A8-7018-4224-9B38-760F86379799}.Release|Any CPU.ActiveCfg = Release|Any CPU
		{49D0A1A8-7018-4224-9B38-760F86379799}.Release|Any CPU.Build.0 = Release|Any CPU
		{2685E0ED-FD15-466D-B629-DF7DC4B38F42}.Debug|Any CPU.ActiveCfg = Debug|Any CPU
		{2685E0ED-FD15-466D-B629-DF7DC4B38F42}.Debug|Any CPU.Build.0 = Debug|Any CPU
		{2685E0ED-FD15-466D-B629-DF7DC4B38F42}.Release|Any CPU.ActiveCfg = Release|Any CPU
		{2685E0ED-FD15-466D-B629-DF7DC4B38F42}.Release|Any CPU.Build.0 = Release|Any CPU
		{E135A016-C769-4F46-A17B-918732431FDF}.Debug|Any CPU.ActiveCfg = Debug|Any CPU
		{E135A016-C769-4F46-A17B-918732431FDF}.Debug|Any CPU.Build.0 = Debug|Any CPU
		{E135A016-C769-4F46-A17B-918732431FDF}.Release|Any CPU.ActiveCfg = Release|Any CPU
		{E135A016-C769-4F46-A17B-918732431FDF}.Release|Any CPU.Build.0 = Release|Any CPU
		{48394450-EF7D-4875-99F4-12CF747D75C0}.Debug|Any CPU.ActiveCfg = Debug|Any CPU
		{48394450-EF7D-4875-99F4-12CF747D75C0}.Debug|Any CPU.Build.0 = Debug|Any CPU
		{48394450-EF7D-4875-99F4-12CF747D75C0}.Release|Any CPU.ActiveCfg = Release|Any CPU
		{48394450-EF7D-4875-99F4-12CF747D75C0}.Release|Any CPU.Build.0 = Release|Any CPU
		{BE5844C6-85BC-4E63-A10E-FEA65710DD48}.Debug|Any CPU.ActiveCfg = Debug|Any CPU
		{BE5844C6-85BC-4E63-A10E-FEA65710DD48}.Debug|Any CPU.Build.0 = Debug|Any CPU
		{BE5844C6-85BC-4E63-A10E-FEA65710DD48}.Release|Any CPU.ActiveCfg = Release|Any CPU
		{BE5844C6-85BC-4E63-A10E-FEA65710DD48}.Release|Any CPU.Build.0 = Release|Any CPU
		{FFA2EB21-5258-434D-A185-241AB82AAFFF}.Debug|Any CPU.ActiveCfg = Debug|Any CPU
		{FFA2EB21-5258-434D-A185-241AB82AAFFF}.Debug|Any CPU.Build.0 = Debug|Any CPU
		{FFA2EB21-5258-434D-A185-241AB82AAFFF}.Release|Any CPU.ActiveCfg = Release|Any CPU
		{FFA2EB21-5258-434D-A185-241AB82AAFFF}.Release|Any CPU.Build.0 = Release|Any CPU
		{DF23D3E8-B811-4273-9947-11DDE594260D}.Debug|Any CPU.ActiveCfg = Debug|Any CPU
		{DF23D3E8-B811-4273-9947-11DDE594260D}.Debug|Any CPU.Build.0 = Debug|Any CPU
		{DF23D3E8-B811-4273-9947-11DDE594260D}.Release|Any CPU.ActiveCfg = Release|Any CPU
		{DF23D3E8-B811-4273-9947-11DDE594260D}.Release|Any CPU.Build.0 = Release|Any CPU
		{9BCAEB51-C298-4F7E-B0C4-9B0FAC86BB7E}.Debug|Any CPU.ActiveCfg = Debug|Any CPU
		{9BCAEB51-C298-4F7E-B0C4-9B0FAC86BB7E}.Debug|Any CPU.Build.0 = Debug|Any CPU
		{9BCAEB51-C298-4F7E-B0C4-9B0FAC86BB7E}.Release|Any CPU.ActiveCfg = Release|Any CPU
		{9BCAEB51-C298-4F7E-B0C4-9B0FAC86BB7E}.Release|Any CPU.Build.0 = Release|Any CPU
		{D90CA78A-64BB-48F1-9DD9-2885D2183E8A}.Debug|Any CPU.ActiveCfg = Debug|Any CPU
		{D90CA78A-64BB-48F1-9DD9-2885D2183E8A}.Debug|Any CPU.Build.0 = Debug|Any CPU
		{D90CA78A-64BB-48F1-9DD9-2885D2183E8A}.Release|Any CPU.ActiveCfg = Release|Any CPU
		{D90CA78A-64BB-48F1-9DD9-2885D2183E8A}.Release|Any CPU.Build.0 = Release|Any CPU
		{90E064E1-0626-4236-89DA-DAA9BDB70DA0}.Debug|Any CPU.ActiveCfg = Debug|Any CPU
		{90E064E1-0626-4236-89DA-DAA9BDB70DA0}.Debug|Any CPU.Build.0 = Debug|Any CPU
		{90E064E1-0626-4236-89DA-DAA9BDB70DA0}.Release|Any CPU.ActiveCfg = Release|Any CPU
		{90E064E1-0626-4236-89DA-DAA9BDB70DA0}.Release|Any CPU.Build.0 = Release|Any CPU
	EndGlobalSection
	GlobalSection(SolutionProperties) = preSolution
		HideSolutionNode = FALSE
	EndGlobalSection
	GlobalSection(NestedProjects) = preSolution
		{8483A8A3-31CA-4153-98C6-7221E8E0ACDA} = {02EA681E-C7D8-13C7-8484-4AC65E1B71E8}
		{2A0F2695-863A-4BB5-8376-4939544C1658} = {02EA681E-C7D8-13C7-8484-4AC65E1B71E8}
		{55BA32EE-625A-4E95-864B-B870AEF346F4} = {02EA681E-C7D8-13C7-8484-4AC65E1B71E8}
		{65AFADA8-4792-46E4-9E02-C6AA5EE1D851} = {0A204FDC-1161-4971-A224-F052A64D1FB1}
		{41A64EEF-2DAA-4819-BF47-F5ED1A41681A} = {0A204FDC-1161-4971-A224-F052A64D1FB1}
		{F5E5A95A-338C-4737-A6D5-F95234D2F3D4} = {0A204FDC-1161-4971-A224-F052A64D1FB1}
		{3C47802A-8A02-47AA-BD2A-B18B46D42881} = {55DA4E40-DB70-4BA2-B2D7-CFF9282A0409}
		{28664E69-F803-4AB7-A5DE-97A634F821F9} = {55DA4E40-DB70-4BA2-B2D7-CFF9282A0409}
		{C84AB6F6-585D-4CC2-BEF6-E03E05461F4A} = {55DA4E40-DB70-4BA2-B2D7-CFF9282A0409}
		{B84C2C25-CEC2-4DA4-BA03-FBEB32B97E6A} = {7F8B0CC1-E720-4324-8B40-4ABC25AB6C8C}
		{F32B12D8-B90B-47C4-BF3C-4C4BEF7EB1DD} = {7F8B0CC1-E720-4324-8B40-4ABC25AB6C8C}
		{7593592C-2D4E-4734-BFC1-64D3CD661941} = {7F8B0CC1-E720-4324-8B40-4ABC25AB6C8C}
		{2CF49546-5A02-4AD9-80FA-E848D21C5FE0} = {97D8865F-5E32-400C-A4CD-3CC81C42EEB5}
		{74CF02D6-5EBE-4E39-BDB2-51FB76513BCB} = {97D8865F-5E32-400C-A4CD-3CC81C42EEB5}
		{49D0A1A8-7018-4224-9B38-760F86379799} = {97D8865F-5E32-400C-A4CD-3CC81C42EEB5}
		{2685E0ED-FD15-466D-B629-DF7DC4B38F42} = {BC6C3BF4-B3AD-4C98-B443-2897E37624D6}
		{E135A016-C769-4F46-A17B-918732431FDF} = {BC6C3BF4-B3AD-4C98-B443-2897E37624D6}
		{48394450-EF7D-4875-99F4-12CF747D75C0} = {BC6C3BF4-B3AD-4C98-B443-2897E37624D6}
		{BE5844C6-85BC-4E63-A10E-FEA65710DD48} = {89E6BB08-A5ED-42A0-9D5D-D8E8C3D4A5CA}
		{FFA2EB21-5258-434D-A185-241AB82AAFFF} = {89E6BB08-A5ED-42A0-9D5D-D8E8C3D4A5CA}
		{DF23D3E8-B811-4273-9947-11DDE594260D} = {89E6BB08-A5ED-42A0-9D5D-D8E8C3D4A5CA}
		{9BCAEB51-C298-4F7E-B0C4-9B0FAC86BB7E} = {6842DB23-22CF-44BF-B1EF-40F65237FC53}
		{D90CA78A-64BB-48F1-9DD9-2885D2183E8A} = {6842DB23-22CF-44BF-B1EF-40F65237FC53}
		{90E064E1-0626-4236-89DA-DAA9BDB70DA0} = {6842DB23-22CF-44BF-B1EF-40F65237FC53}
	EndGlobalSection
	GlobalSection(ExtensibilityGlobals) = postSolution
		SolutionGuid = {079D2C38-4BB1-47CB-9089-94A3C3F9EE56}
	EndGlobalSection
EndGlobal
